{
  "name": "tp5",
  "lockfileVersion": 3,
  "requires": true,
  "packages": {
    "": {
      "dependencies": {
        "mon-package": "file:../mon-package"
      }
    },
    "../mon-package": {
      "version": "1.0.0"
    },
    "node_modules/mon-package": {
      "resolved": "../mon-package",
      "link": true
    }
  }
}
